{
  "requires": true,
  "lockfileVersion": 1,
  "dependencies": {
    "types-registry": {
      "version": "0.1.678",
      "resolved": "https://registry.npmjs.org/types-registry/-/types-registry-0.1.678.tgz",
      "integrity": "sha512-NRoGkYiuTkDsl5NoizaGSQNNYP2ldmBkXA2ZqycNFXNp4zOUrd363QbWDvNy8mdgn7AyJTn8PghmB0QBhntCYw=="
    }
  }
}
